
Microsoft Visual Studio Solution File, Format Version 12.00
# Visual Studio 15
VisualStudioVersion = 15.0.28010.2050
MinimumVisualStudioVersion = 10.0.40219.1
Project("{8BC9CEB8-8B4A-11D0-8D11-00A0C91BC942}") = "QtPurchasingExample", "QtPurchasingExample.vcxproj", "{B12702AD-ABFB-343A-A199-8E24837244A3}"
EndProject
Project("{8BC9CEB8-8B4A-11D0-8D11-00A0C91BC942}") = "MicrosoftStore", "MicrosoftStore\MicrosoftStore.vcxproj", "{B5758A65-7E11-40C2-AB70-03875B52319B}"
EndProject
Project("{8BC9CEB8-8B4A-11D0-8D11-00A0C91BC942}") = "App1", "App1\App1.vcxproj", "{FE95BFD8-542A-450E-81F7-F365265CBFA9}"
EndProject
Global
	GlobalSection(SolutionConfigurationPlatforms) = preSolution
		Debug|Any CPU = Debug|Any CPU
		Debug|ARM = Debug|ARM
		Debug|ARM64 = Debug|ARM64
		Debug|Win32 = Debug|Win32
		Debug|x64 = Debug|x64
		Release|Any CPU = Release|Any CPU
		Release|ARM = Release|ARM
		Release|ARM64 = Release|ARM64
		Release|Win32 = Release|Win32
		Release|x64 = Release|x64
	EndGlobalSection
	GlobalSection(ProjectConfigurationPlatforms) = postSolution
		{B12702AD-ABFB-343A-A199-8E24837244A3}.Debug|Any CPU.ActiveCfg = Debug|Win32
		{B12702AD-ABFB-343A-A199-8E24837244A3}.Debug|ARM.ActiveCfg = Debug|Win32
		{B12702AD-ABFB-343A-A199-8E24837244A3}.Debug|ARM64.ActiveCfg = Debug|Win32
		{B12702AD-ABFB-343A-A199-8E24837244A3}.Debug|Win32.ActiveCfg = Debug|Win32
		{B12702AD-ABFB-343A-A199-8E24837244A3}.Debug|Win32.Build.0 = Debug|Win32
		{B12702AD-ABFB-343A-A199-8E24837244A3}.Debug|x64.ActiveCfg = Debug|x64
		{B12702AD-ABFB-343A-A199-8E24837244A3}.Debug|x64.Build.0 = Debug|x64
		{B12702AD-ABFB-343A-A199-8E24837244A3}.Release|Any CPU.ActiveCfg = Release|Win32
		{B12702AD-ABFB-343A-A199-8E24837244A3}.Release|ARM.ActiveCfg = Release|Win32
		{B12702AD-ABFB-343A-A199-8E24837244A3}.Release|ARM64.ActiveCfg = Release|Win32
		{B12702AD-ABFB-343A-A199-8E24837244A3}.Release|Win32.ActiveCfg = Release|Win32
		{B12702AD-ABFB-343A-A199-8E24837244A3}.Release|Win32.Build.0 = Release|Win32
		{B12702AD-ABFB-343A-A199-8E24837244A3}.Release|x64.ActiveCfg = Debug|x64
		{B12702AD-ABFB-343A-A199-8E24837244A3}.Release|x64.Build.0 = Debug|x64
		{B5758A65-7E11-40C2-AB70-03875B52319B}.Debug|Any CPU.ActiveCfg = Debug|Win32
		{B5758A65-7E11-40C2-AB70-03875B52319B}.Debug|ARM.ActiveCfg = Debug|ARM
		{B5758A65-7E11-40C2-AB70-03875B52319B}.Debug|ARM.Build.0 = Debug|ARM
		{B5758A65-7E11-40C2-AB70-03875B52319B}.Debug|ARM64.ActiveCfg = Debug|ARM64
		{B5758A65-7E11-40C2-AB70-03875B52319B}.Debug|ARM64.Build.0 = Debug|ARM64
		{B5758A65-7E11-40C2-AB70-03875B52319B}.Debug|Win32.ActiveCfg = Debug|Win32
		{B5758A65-7E11-40C2-AB70-03875B52319B}.Debug|Win32.Build.0 = Debug|Win32
		{B5758A65-7E11-40C2-AB70-03875B52319B}.Debug|x64.ActiveCfg = Debug|x64
		{B5758A65-7E11-40C2-AB70-03875B52319B}.Debug|x64.Build.0 = Debug|x64
		{B5758A65-7E11-40C2-AB70-03875B52319B}.Release|Any CPU.ActiveCfg = Release|Win32
		{B5758A65-7E11-40C2-AB70-03875B52319B}.Release|ARM.ActiveCfg = Release|ARM
		{B5758A65-7E11-40C2-AB70-03875B52319B}.Release|ARM.Build.0 = Release|ARM
		{B5758A65-7E11-40C2-AB70-03875B52319B}.Release|ARM64.ActiveCfg = Release|ARM64
		{B5758A65-7E11-40C2-AB70-03875B52319B}.Release|ARM64.Build.0 = Release|ARM64
		{B5758A65-7E11-40C2-AB70-03875B52319B}.Release|Win32.ActiveCfg = Release|Win32
		{B5758A65-7E11-40C2-AB70-03875B52319B}.Release|Win32.Build.0 = Release|Win32
		{B5758A65-7E11-40C2-AB70-03875B52319B}.Release|x64.ActiveCfg = Release|x64
		{B5758A65-7E11-40C2-AB70-03875B52319B}.Release|x64.Build.0 = Release|x64
		{FE95BFD8-542A-450E-81F7-F365265CBFA9}.Debug|Any CPU.ActiveCfg = Debug|Win32
		{FE95BFD8-542A-450E-81F7-F365265CBFA9}.Debug|ARM.ActiveCfg = Debug|ARM
		{FE95BFD8-542A-450E-81F7-F365265CBFA9}.Debug|ARM.Build.0 = Debug|ARM
		{FE95BFD8-542A-450E-81F7-F365265CBFA9}.Debug|ARM.Deploy.0 = Debug|ARM
		{FE95BFD8-542A-450E-81F7-F365265CBFA9}.Debug|ARM64.ActiveCfg = Debug|ARM64
		{FE95BFD8-542A-450E-81F7-F365265CBFA9}.Debug|ARM64.Build.0 = Debug|ARM64
		{FE95BFD8-542A-450E-81F7-F365265CBFA9}.Debug|ARM64.Deploy.0 = Debug|ARM64
		{FE95BFD8-542A-450E-81F7-F365265CBFA9}.Debug|Win32.ActiveCfg = Debug|Win32
		{FE95BFD8-542A-450E-81F7-F365265CBFA9}.Debug|Win32.Build.0 = Debug|Win32
		{FE95BFD8-542A-450E-81F7-F365265CBFA9}.Debug|Win32.Deploy.0 = Debug|Win32
		{FE95BFD8-542A-450E-81F7-F365265CBFA9}.Debug|x64.ActiveCfg = Debug|x64
		{FE95BFD8-542A-450E-81F7-F365265CBFA9}.Debug|x64.Build.0 = Debug|x64
		{FE95BFD8-542A-450E-81F7-F365265CBFA9}.Debug|x64.Deploy.0 = Debug|x64
		{FE95BFD8-542A-450E-81F7-F365265CBFA9}.Release|Any CPU.ActiveCfg = Release|Win32
		{FE95BFD8-542A-450E-81F7-F365265CBFA9}.Release|ARM.ActiveCfg = Release|ARM
		{FE95BFD8-542A-450E-81F7-F365265CBFA9}.Release|ARM.Build.0 = Release|ARM
		{FE95BFD8-542A-450E-81F7-F365265CBFA9}.Release|ARM.Deploy.0 = Release|ARM
		{FE95BFD8-542A-450E-81F7-F365265CBFA9}.Release|ARM64.ActiveCfg = Release|ARM64
		{FE95BFD8-542A-450E-81F7-F365265CBFA9}.Release|ARM64.Build.0 = Release|ARM64
		{FE95BFD8-542A-450E-81F7-F365265CBFA9}.Release|ARM64.Deploy.0 = Release|ARM64
		{FE95BFD8-542A-450E-81F7-F365265CBFA9}.Release|Win32.ActiveCfg = Release|Win32
		{FE95BFD8-542A-450E-81F7-F365265CBFA9}.Release|Win32.Build.0 = Release|Win32
		{FE95BFD8-542A-450E-81F7-F365265CBFA9}.Release|Win32.Deploy.0 = Release|Win32
		{FE95BFD8-542A-450E-81F7-F365265CBFA9}.Release|x64.ActiveCfg = Release|x64
		{FE95BFD8-542A-450E-81F7-F365265CBFA9}.Release|x64.Build.0 = Release|x64
		{FE95BFD8-542A-450E-81F7-F365265CBFA9}.Release|x64.Deploy.0 = Release|x64
	EndGlobalSection
	GlobalSection(SolutionProperties) = preSolution
		HideSolutionNode = FALSE
	EndGlobalSection
	GlobalSection(ExtensibilityGlobals) = postSolution
		SolutionGuid = {9E3CA95C-DE14-4C53-A2E7-248746177F6E}
	EndGlobalSection
EndGlobal
