
Microsoft Visual Studio Solution File, Format Version 12.00
# Visual Studio 15
VisualStudioVersion = 15.0.28010.2050
MinimumVisualStudioVersion = 10.0.40219.1
Project("{8BC9CEB8-8B4A-11D0-8D11-00A0C91BC942}") = "QtPurchasingExample", "QtPurchasingExample.vcxproj", "{B12702AD-ABFB-343A-A199-8E24837244A3}"
EndProject
Project("{C7167F0D-BC9F-4E6E-AFE1-012C56B48DB5}") = "PackageTest", "PackageTest\PackageTest.wapproj", "{DA4C7BFA-34E4-4C8C-BB71-743648EA1FC2}"
EndProject
Global
	GlobalSection(SolutionConfigurationPlatforms) = preSolution
		Debug|Any CPU = Debug|Any CPU
		Debug|ARM = Debug|ARM
		Debug|ARM64 = Debug|ARM64
		Debug|Win32 = Debug|Win32
		Debug|x64 = Debug|x64
		Release|Any CPU = Release|Any CPU
		Release|ARM = Release|ARM
		Release|ARM64 = Release|ARM64
		Release|Win32 = Release|Win32
		Release|x64 = Release|x64
	EndGlobalSection
	GlobalSection(ProjectConfigurationPlatforms) = postSolution
		{B12702AD-ABFB-343A-A199-8E24837244A3}.Debug|Any CPU.ActiveCfg = Debug|Win32
		{B12702AD-ABFB-343A-A199-8E24837244A3}.Debug|ARM.ActiveCfg = Debug|Win32
		{B12702AD-ABFB-343A-A199-8E24837244A3}.Debug|ARM64.ActiveCfg = Debug|Win32
		{B12702AD-ABFB-343A-A199-8E24837244A3}.Debug|Win32.ActiveCfg = Debug|Win32
		{B12702AD-ABFB-343A-A199-8E24837244A3}.Debug|Win32.Build.0 = Debug|Win32
		{B12702AD-ABFB-343A-A199-8E24837244A3}.Debug|x64.ActiveCfg = Debug|x64
		{B12702AD-ABFB-343A-A199-8E24837244A3}.Debug|x64.Build.0 = Debug|x64
		{B12702AD-ABFB-343A-A199-8E24837244A3}.Release|Any CPU.ActiveCfg = Release|Win32
		{B12702AD-ABFB-343A-A199-8E24837244A3}.Release|ARM.ActiveCfg = Release|Win32
		{B12702AD-ABFB-343A-A199-8E24837244A3}.Release|ARM64.ActiveCfg = Release|Win32
		{B12702AD-ABFB-343A-A199-8E24837244A3}.Release|Win32.ActiveCfg = Release|Win32
		{B12702AD-ABFB-343A-A199-8E24837244A3}.Release|Win32.Build.0 = Release|Win32
		{B12702AD-ABFB-343A-A199-8E24837244A3}.Release|x64.ActiveCfg = Debug|x64
		{B12702AD-ABFB-343A-A199-8E24837244A3}.Release|x64.Build.0 = Debug|x64
		{DA4C7BFA-34E4-4C8C-BB71-743648EA1FC2}.Debug|Any CPU.ActiveCfg = Debug|Any CPU
		{DA4C7BFA-34E4-4C8C-BB71-743648EA1FC2}.Debug|Any CPU.Build.0 = Debug|Any CPU
		{DA4C7BFA-34E4-4C8C-BB71-743648EA1FC2}.Debug|Any CPU.Deploy.0 = Debug|Any CPU
		{DA4C7BFA-34E4-4C8C-BB71-743648EA1FC2}.Debug|ARM.ActiveCfg = Debug|Any CPU
		{DA4C7BFA-34E4-4C8C-BB71-743648EA1FC2}.Debug|ARM.Build.0 = Debug|Any CPU
		{DA4C7BFA-34E4-4C8C-BB71-743648EA1FC2}.Debug|ARM.Deploy.0 = Debug|Any CPU
		{DA4C7BFA-34E4-4C8C-BB71-743648EA1FC2}.Debug|ARM64.ActiveCfg = Debug|Any CPU
		{DA4C7BFA-34E4-4C8C-BB71-743648EA1FC2}.Debug|ARM64.Build.0 = Debug|Any CPU
		{DA4C7BFA-34E4-4C8C-BB71-743648EA1FC2}.Debug|ARM64.Deploy.0 = Debug|Any CPU
		{DA4C7BFA-34E4-4C8C-BB71-743648EA1FC2}.Debug|Win32.ActiveCfg = Debug|x86
		{DA4C7BFA-34E4-4C8C-BB71-743648EA1FC2}.Debug|Win32.Build.0 = Debug|x86
		{DA4C7BFA-34E4-4C8C-BB71-743648EA1FC2}.Debug|Win32.Deploy.0 = Debug|x86
		{DA4C7BFA-34E4-4C8C-BB71-743648EA1FC2}.Debug|x64.ActiveCfg = Debug|x64
		{DA4C7BFA-34E4-4C8C-BB71-743648EA1FC2}.Debug|x64.Build.0 = Debug|x64
		{DA4C7BFA-34E4-4C8C-BB71-743648EA1FC2}.Debug|x64.Deploy.0 = Debug|x64
		{DA4C7BFA-34E4-4C8C-BB71-743648EA1FC2}.Release|Any CPU.ActiveCfg = Release|Any CPU
		{DA4C7BFA-34E4-4C8C-BB71-743648EA1FC2}.Release|Any CPU.Build.0 = Release|Any CPU
		{DA4C7BFA-34E4-4C8C-BB71-743648EA1FC2}.Release|Any CPU.Deploy.0 = Release|Any CPU
		{DA4C7BFA-34E4-4C8C-BB71-743648EA1FC2}.Release|ARM.ActiveCfg = Release|Any CPU
		{DA4C7BFA-34E4-4C8C-BB71-743648EA1FC2}.Release|ARM.Build.0 = Release|Any CPU
		{DA4C7BFA-34E4-4C8C-BB71-743648EA1FC2}.Release|ARM.Deploy.0 = Release|Any CPU
		{DA4C7BFA-34E4-4C8C-BB71-743648EA1FC2}.Release|ARM64.ActiveCfg = Release|Any CPU
		{DA4C7BFA-34E4-4C8C-BB71-743648EA1FC2}.Release|ARM64.Build.0 = Release|Any CPU
		{DA4C7BFA-34E4-4C8C-BB71-743648EA1FC2}.Release|ARM64.Deploy.0 = Release|Any CPU
		{DA4C7BFA-34E4-4C8C-BB71-743648EA1FC2}.Release|Win32.ActiveCfg = Debug|x86
		{DA4C7BFA-34E4-4C8C-BB71-743648EA1FC2}.Release|Win32.Build.0 = Debug|x86
		{DA4C7BFA-34E4-4C8C-BB71-743648EA1FC2}.Release|Win32.Deploy.0 = Debug|x86
		{DA4C7BFA-34E4-4C8C-BB71-743648EA1FC2}.Release|x64.ActiveCfg = Debug|x64
		{DA4C7BFA-34E4-4C8C-BB71-743648EA1FC2}.Release|x64.Build.0 = Debug|x64
		{DA4C7BFA-34E4-4C8C-BB71-743648EA1FC2}.Release|x64.Deploy.0 = Debug|x64
	EndGlobalSection
	GlobalSection(SolutionProperties) = preSolution
		HideSolutionNode = FALSE
	EndGlobalSection
	GlobalSection(ExtensibilityGlobals) = postSolution
		SolutionGuid = {9E3CA95C-DE14-4C53-A2E7-248746177F6E}
	EndGlobalSection
EndGlobal
